// !$*UTF8*$!
{
	archiveVersion = 1;
	classes = {
	};
	objectVersion = 50;
	objects = {

/* Begin PBXBuildFile section */
		053C4CD7564BBD11DC3B322E /* Pods_Transformers.framework in Frameworks */ = {isa = PBXBuildFile; fileRef = 11E5EC52DEA236F0A91AF0C1 /* Pods_Transformers.framework */; };
		55E2CC5C0BD82EBEDA61A7F8 /* Pods_TransformersUITests.framework in Frameworks */ = {isa = PBXBuildFile; fileRef = 5F1D9993905FE0833D29EF22 /* Pods_TransformersUITests.framework */; };
		67041D6E221718C100BD9C91 /* AppDelegate.swift in Sources */ = {isa = PBXBuildFile; fileRef = 67041D6D221718C100BD9C91 /* AppDelegate.swift */; };
		67041D70221718C100BD9C91 /* ViewController.swift in Sources */ = {isa = PBXBuildFile; fileRef = 67041D6F221718C100BD9C91 /* ViewController.swift */; };
		67041D73221718C100BD9C91 /* Main.storyboard in Resources */ = {isa = PBXBuildFile; fileRef = 67041D71221718C100BD9C91 /* Main.storyboard */; };
		67041D76221718C100BD9C91 /* Transformers.xcdatamodeld in Sources */ = {isa = PBXBuildFile; fileRef = 67041D74221718C100BD9C91 /* Transformers.xcdatamodeld */; };
		67041D78221718C100BD9C91 /* Assets.xcassets in Resources */ = {isa = PBXBuildFile; fileRef = 67041D77221718C100BD9C91 /* Assets.xcassets */; };
		67041D7B221718C100BD9C91 /* LaunchScreen.storyboard in Resources */ = {isa = PBXBuildFile; fileRef = 67041D79221718C100BD9C91 /* LaunchScreen.storyboard */; };
		67041D86221718C100BD9C91 /* TransformersTests.swift in Sources */ = {isa = PBXBuildFile; fileRef = 67041D85221718C100BD9C91 /* TransformersTests.swift */; };
		67041D91221718C100BD9C91 /* TransformersUITests.swift in Sources */ = {isa = PBXBuildFile; fileRef = 67041D90221718C100BD9C91 /* TransformersUITests.swift */; };
		673626B022171DBB00E55B8D /* AppDelegateExtension.swift in Sources */ = {isa = PBXBuildFile; fileRef = 673626AF22171DBB00E55B8D /* AppDelegateExtension.swift */; };
		673626B422171ECA00E55B8D /* NavigationViewController.swift in Sources */ = {isa = PBXBuildFile; fileRef = 673626B322171ECA00E55B8D /* NavigationViewController.swift */; };
		673626B722171FD700E55B8D /* SharedInstances.swift in Sources */ = {isa = PBXBuildFile; fileRef = 673626B622171FD700E55B8D /* SharedInstances.swift */; };
		673626F82217225600E55B8D /* Storyboard.swift in Sources */ = {isa = PBXBuildFile; fileRef = 673626F72217225600E55B8D /* Storyboard.swift */; };
		673626FB221725A200E55B8D /* RightNavigationItem.swift in Sources */ = {isa = PBXBuildFile; fileRef = 673626FA221725A200E55B8D /* RightNavigationItem.swift */; };
		673626FD2217277800E55B8D /* NavigationTitleView.swift in Sources */ = {isa = PBXBuildFile; fileRef = 673626FC2217277800E55B8D /* NavigationTitleView.swift */; };
		DC68710E46FDE949EE5B6811 /* Pods_TransformersTests.framework in Frameworks */ = {isa = PBXBuildFile; fileRef = 4E334CE754C7ABA4F12046F9 /* Pods_TransformersTests.framework */; };
/* End PBXBuildFile section */

/* Begin PBXContainerItemProxy section */
		67041D82221718C100BD9C91 /* PBXContainerItemProxy */ = {
			isa = PBXContainerItemProxy;
			containerPortal = 67041D62221718C100BD9C91 /* Project object */;
			proxyType = 1;
			remoteGlobalIDString = 67041D69221718C100BD9C91;
			remoteInfo = Transformers;
		};
		67041D8D221718C100BD9C91 /* PBXContainerItemProxy */ = {
			isa = PBXContainerItemProxy;
			containerPortal = 67041D62221718C100BD9C91 /* Project object */;
			proxyType = 1;
			remoteGlobalIDString = 67041D69221718C100BD9C91;
			remoteInfo = Transformers;
		};
/* End PBXContainerItemProxy section */

/* Begin PBXFileReference section */
		0CA0D2BB434CD77A22EF033C /* Pods-TransformersUITests.release.xcconfig */ = {isa = PBXFileReference; includeInIndex = 1; lastKnownFileType = text.xcconfig; name = "Pods-TransformersUITests.release.xcconfig"; path = "Pods/Target Support Files/Pods-TransformersUITests/Pods-TransformersUITests.release.xcconfig"; sourceTree = "<group>"; };
		1005419A8848B12689B30E2F /* Pods-TransformersTests.release.xcconfig */ = {isa = PBXFileReference; includeInIndex = 1; lastKnownFileType = text.xcconfig; name = "Pods-TransformersTests.release.xcconfig"; path = "Pods/Target Support Files/Pods-TransformersTests/Pods-TransformersTests.release.xcconfig"; sourceTree = "<group>"; };
		11E5EC52DEA236F0A91AF0C1 /* Pods_Transformers.framework */ = {isa = PBXFileReference; explicitFileType = wrapper.framework; includeInIndex = 0; path = Pods_Transformers.framework; sourceTree = BUILT_PRODUCTS_DIR; };
		4E334CE754C7ABA4F12046F9 /* Pods_TransformersTests.framework */ = {isa = PBXFileReference; explicitFileType = wrapper.framework; includeInIndex = 0; path = Pods_TransformersTests.framework; sourceTree = BUILT_PRODUCTS_DIR; };
		5A73CD0C76C8D331641D895E /* Pods-TransformersTests.debug.xcconfig */ = {isa = PBXFileReference; includeInIndex = 1; lastKnownFileType = text.xcconfig; name = "Pods-TransformersTests.debug.xcconfig"; path = "Pods/Target Support Files/Pods-TransformersTests/Pods-TransformersTests.debug.xcconfig"; sourceTree = "<group>"; };
		5F1D9993905FE0833D29EF22 /* Pods_TransformersUITests.framework */ = {isa = PBXFileReference; explicitFileType = wrapper.framework; includeInIndex = 0; path = Pods_TransformersUITests.framework; sourceTree = BUILT_PRODUCTS_DIR; };
		67041D6A221718C100BD9C91 /* Transformers.app */ = {isa = PBXFileReference; explicitFileType = wrapper.application; includeInIndex = 0; path = Transformers.app; sourceTree = BUILT_PRODUCTS_DIR; };
		67041D6D221718C100BD9C91 /* AppDelegate.swift */ = {isa = PBXFileReference; lastKnownFileType = sourcecode.swift; path = AppDelegate.swift; sourceTree = "<group>"; };
		67041D6F221718C100BD9C91 /* ViewController.swift */ = {isa = PBXFileReference; lastKnownFileType = sourcecode.swift; path = ViewController.swift; sourceTree = "<group>"; };
		67041D72221718C100BD9C91 /* Base */ = {isa = PBXFileReference; lastKnownFileType = file.storyboard; name = Base; path = Base.lproj/Main.storyboard; sourceTree = "<group>"; };
		67041D75221718C100BD9C91 /* Transformers.xcdatamodel */ = {isa = PBXFileReference; lastKnownFileType = wrapper.xcdatamodel; path = Transformers.xcdatamodel; sourceTree = "<group>"; };
		67041D77221718C100BD9C91 /* Assets.xcassets */ = {isa = PBXFileReference; lastKnownFileType = folder.assetcatalog; path = Assets.xcassets; sourceTree = "<group>"; };
		67041D7A221718C100BD9C91 /* Base */ = {isa = PBXFileReference; lastKnownFileType = file.storyboard; name = Base; path = Base.lproj/LaunchScreen.storyboard; sourceTree = "<group>"; };
		67041D7C221718C100BD9C91 /* Info.plist */ = {isa = PBXFileReference; lastKnownFileType = text.plist.xml; path = Info.plist; sourceTree = "<group>"; };
		67041D81221718C100BD9C91 /* TransformersTests.xctest */ = {isa = PBXFileReference; explicitFileType = wrapper.cfbundle; includeInIndex = 0; path = TransformersTests.xctest; sourceTree = BUILT_PRODUCTS_DIR; };
		67041D85221718C100BD9C91 /* TransformersTests.swift */ = {isa = PBXFileReference; lastKnownFileType = sourcecode.swift; path = TransformersTests.swift; sourceTree = "<group>"; };
		67041D87221718C100BD9C91 /* Info.plist */ = {isa = PBXFileReference; lastKnownFileType = text.plist.xml; path = Info.plist; sourceTree = "<group>"; };
		67041D8C221718C100BD9C91 /* TransformersUITests.xctest */ = {isa = PBXFileReference; explicitFileType = wrapper.cfbundle; includeInIndex = 0; path = TransformersUITests.xctest; sourceTree = BUILT_PRODUCTS_DIR; };
		67041D90221718C100BD9C91 /* TransformersUITests.swift */ = {isa = PBXFileReference; lastKnownFileType = sourcecode.swift; path = TransformersUITests.swift; sourceTree = "<group>"; };
		67041D92221718C100BD9C91 /* Info.plist */ = {isa = PBXFileReference; lastKnownFileType = text.plist.xml; path = Info.plist; sourceTree = "<group>"; };
		673626AF22171DBB00E55B8D /* AppDelegateExtension.swift */ = {isa = PBXFileReference; lastKnownFileType = sourcecode.swift; path = AppDelegateExtension.swift; sourceTree = "<group>"; };
		673626B322171ECA00E55B8D /* NavigationViewController.swift */ = {isa = PBXFileReference; lastKnownFileType = sourcecode.swift; path = NavigationViewController.swift; sourceTree = "<group>"; };
		673626B622171FD700E55B8D /* SharedInstances.swift */ = {isa = PBXFileReference; lastKnownFileType = sourcecode.swift; path = SharedInstances.swift; sourceTree = "<group>"; };
		673626F72217225600E55B8D /* Storyboard.swift */ = {isa = PBXFileReference; lastKnownFileType = sourcecode.swift; path = Storyboard.swift; sourceTree = "<group>"; };
		673626FA221725A200E55B8D /* RightNavigationItem.swift */ = {isa = PBXFileReference; lastKnownFileType = sourcecode.swift; path = RightNavigationItem.swift; sourceTree = "<group>"; };
		673626FC2217277800E55B8D /* NavigationTitleView.swift */ = {isa = PBXFileReference; lastKnownFileType = sourcecode.swift; path = NavigationTitleView.swift; sourceTree = "<group>"; };
		814D78B3851195A73CA23241 /* Pods-TransformersUITests.debug.xcconfig */ = {isa = PBXFileReference; includeInIndex = 1; lastKnownFileType = text.xcconfig; name = "Pods-TransformersUITests.debug.xcconfig"; path = "Pods/Target Support Files/Pods-TransformersUITests/Pods-TransformersUITests.debug.xcconfig"; sourceTree = "<group>"; };
		9CEC778652FDD018406A3F18 /* Pods-Transformers.release.xcconfig */ = {isa = PBXFileReference; includeInIndex = 1; lastKnownFileType = text.xcconfig; name = "Pods-Transformers.release.xcconfig"; path = "Pods/Target Support Files/Pods-Transformers/Pods-Transformers.release.xcconfig"; sourceTree = "<group>"; };
		D1CEB5CAD0A6F8270C561235 /* Pods-Transformers.debug.xcconfig */ = {isa = PBXFileReference; includeInIndex = 1; lastKnownFileType = text.xcconfig; name = "Pods-Transformers.debug.xcconfig"; path = "Pods/Target Support Files/Pods-Transformers/Pods-Transformers.debug.xcconfig"; sourceTree = "<group>"; };
/* End PBXFileReference section */

/* Begin PBXFrameworksBuildPhase section */
		67041D67221718C100BD9C91 /* Frameworks */ = {
			isa = PBXFrameworksBuildPhase;
			buildActionMask = 2147483647;
			files = (
				053C4CD7564BBD11DC3B322E /* Pods_Transformers.framework in Frameworks */,
			);
			runOnlyForDeploymentPostprocessing = 0;
		};
		67041D7E221718C100BD9C91 /* Frameworks */ = {
			isa = PBXFrameworksBuildPhase;
			buildActionMask = 2147483647;
			files = (
				DC68710E46FDE949EE5B6811 /* Pods_TransformersTests.framework in Frameworks */,
			);
			runOnlyForDeploymentPostprocessing = 0;
		};
		67041D89221718C100BD9C91 /* Frameworks */ = {
			isa = PBXFrameworksBuildPhase;
			buildActionMask = 2147483647;
			files = (
				55E2CC5C0BD82EBEDA61A7F8 /* Pods_TransformersUITests.framework in Frameworks */,
			);
			runOnlyForDeploymentPostprocessing = 0;
		};
/* End PBXFrameworksBuildPhase section */

/* Begin PBXGroup section */
		1F43A8C026E6A038558C6103 /* Frameworks */ = {
			isa = PBXGroup;
			children = (
				11E5EC52DEA236F0A91AF0C1 /* Pods_Transformers.framework */,
				4E334CE754C7ABA4F12046F9 /* Pods_TransformersTests.framework */,
				5F1D9993905FE0833D29EF22 /* Pods_TransformersUITests.framework */,
			);
			name = Frameworks;
			sourceTree = "<group>";
		};
		67041D61221718C100BD9C91 = {
			isa = PBXGroup;
			children = (
				67041D6C221718C100BD9C91 /* Transformers */,
				67041D84221718C100BD9C91 /* TransformersTests */,
				67041D8F221718C100BD9C91 /* TransformersUITests */,
				67041D6B221718C100BD9C91 /* Products */,
				743F439576E34E05C7C0FAEE /* Pods */,
				1F43A8C026E6A038558C6103 /* Frameworks */,
			);
			sourceTree = "<group>";
		};
		67041D6B221718C100BD9C91 /* Products */ = {
			isa = PBXGroup;
			children = (
				67041D6A221718C100BD9C91 /* Transformers.app */,
				67041D81221718C100BD9C91 /* TransformersTests.xctest */,
				67041D8C221718C100BD9C91 /* TransformersUITests.xctest */,
			);
			name = Products;
			sourceTree = "<group>";
		};
		67041D6C221718C100BD9C91 /* Transformers */ = {
			isa = PBXGroup;
			children = (
				673626B522171FAC00E55B8D /* Constants */,
				673626B122171EB100E55B8D /* ViewControllers */,
				673626AE22171D9500E55B8D /* Extensions */,
				67041D6D221718C100BD9C91 /* AppDelegate.swift */,
				67041D6F221718C100BD9C91 /* ViewController.swift */,
				67041D71221718C100BD9C91 /* Main.storyboard */,
				67041D77221718C100BD9C91 /* Assets.xcassets */,
				67041D79221718C100BD9C91 /* LaunchScreen.storyboard */,
				67041D7C221718C100BD9C91 /* Info.plist */,
				67041D74221718C100BD9C91 /* Transformers.xcdatamodeld */,
			);
			path = Transformers;
			sourceTree = "<group>";
		};
		67041D84221718C100BD9C91 /* TransformersTests */ = {
			isa = PBXGroup;
			children = (
				67041D85221718C100BD9C91 /* TransformersTests.swift */,
				67041D87221718C100BD9C91 /* Info.plist */,
			);
			path = TransformersTests;
			sourceTree = "<group>";
		};
		67041D8F221718C100BD9C91 /* TransformersUITests */ = {
			isa = PBXGroup;
			children = (
				67041D90221718C100BD9C91 /* TransformersUITests.swift */,
				67041D92221718C100BD9C91 /* Info.plist */,
			);
			path = TransformersUITests;
			sourceTree = "<group>";
		};
		673626AE22171D9500E55B8D /* Extensions */ = {
			isa = PBXGroup;
			children = (
				673626AF22171DBB00E55B8D /* AppDelegateExtension.swift */,
			);
			path = Extensions;
			sourceTree = "<group>";
		};
		673626B122171EB100E55B8D /* ViewControllers */ = {
			isa = PBXGroup;
			children = (
				673626B222171EB800E55B8D /* NavigationViewController */,
			);
			path = ViewControllers;
			sourceTree = "<group>";
		};
		673626B222171EB800E55B8D /* NavigationViewController */ = {
			isa = PBXGroup;
			children = (
				673626F92217258500E55B8D /* NavigationViewItems */,
				673626B322171ECA00E55B8D /* NavigationViewController.swift */,
			);
			path = NavigationViewController;
			sourceTree = "<group>";
		};
		673626B522171FAC00E55B8D /* Constants */ = {
			isa = PBXGroup;
			children = (
				673626B622171FD700E55B8D /* SharedInstances.swift */,
				673626F72217225600E55B8D /* Storyboard.swift */,
			);
			path = Constants;
			sourceTree = "<group>";
		};
		673626F92217258500E55B8D /* NavigationViewItems */ = {
			isa = PBXGroup;
			children = (
				673626FA221725A200E55B8D /* RightNavigationItem.swift */,
				673626FC2217277800E55B8D /* NavigationTitleView.swift */,
			);
			path = NavigationViewItems;
			sourceTree = "<group>";
		};
		743F439576E34E05C7C0FAEE /* Pods */ = {
			isa = PBXGroup;
			children = (
				D1CEB5CAD0A6F8270C561235 /* Pods-Transformers.debug.xcconfig */,
				9CEC778652FDD018406A3F18 /* Pods-Transformers.release.xcconfig */,
				5A73CD0C76C8D331641D895E /* Pods-TransformersTests.debug.xcconfig */,
				1005419A8848B12689B30E2F /* Pods-TransformersTests.release.xcconfig */,
				814D78B3851195A73CA23241 /* Pods-TransformersUITests.debug.xcconfig */,
				0CA0D2BB434CD77A22EF033C /* Pods-TransformersUITests.release.xcconfig */,
			);
			name = Pods;
			sourceTree = "<group>";
		};
/* End PBXGroup section */

/* Begin PBXNativeTarget section */
		67041D69221718C100BD9C91 /* Transformers */ = {
			isa = PBXNativeTarget;
			buildConfigurationList = 67041D95221718C100BD9C91 /* Build configuration list for PBXNativeTarget "Transformers" */;
			buildPhases = (
				C8EB8F1CF85C1B2B5F52B342 /* [CP] Check Pods Manifest.lock */,
				67041D66221718C100BD9C91 /* Sources */,
				67041D67221718C100BD9C91 /* Frameworks */,
				67041D68221718C100BD9C91 /* Resources */,
			);
			buildRules = (
			);
			dependencies = (
			);
			name = Transformers;
			productName = Transformers;
			productReference = 67041D6A221718C100BD9C91 /* Transformers.app */;
			productType = "com.apple.product-type.application";
		};
		67041D80221718C100BD9C91 /* TransformersTests */ = {
			isa = PBXNativeTarget;
			buildConfigurationList = 67041D98221718C100BD9C91 /* Build configuration list for PBXNativeTarget "TransformersTests" */;
			buildPhases = (
				F916E5087912DA2FB6A1DAB1 /* [CP] Check Pods Manifest.lock */,
				67041D7D221718C100BD9C91 /* Sources */,
				67041D7E221718C100BD9C91 /* Frameworks */,
				67041D7F221718C100BD9C91 /* Resources */,
			);
			buildRules = (
			);
			dependencies = (
				67041D83221718C100BD9C91 /* PBXTargetDependency */,
			);
			name = TransformersTests;
			productName = TransformersTests;
			productReference = 67041D81221718C100BD9C91 /* TransformersTests.xctest */;
			productType = "com.apple.product-type.bundle.unit-test";
		};
		67041D8B221718C100BD9C91 /* TransformersUITests */ = {
			isa = PBXNativeTarget;
			buildConfigurationList = 67041D9B221718C100BD9C91 /* Build configuration list for PBXNativeTarget "TransformersUITests" */;
			buildPhases = (
				8A1391575B335015879B2D37 /* [CP] Check Pods Manifest.lock */,
				67041D88221718C100BD9C91 /* Sources */,
				67041D89221718C100BD9C91 /* Frameworks */,
				67041D8A221718C100BD9C91 /* Resources */,
			);
			buildRules = (
			);
			dependencies = (
				67041D8E221718C100BD9C91 /* PBXTargetDependency */,
			);
			name = TransformersUITests;
			productName = TransformersUITests;
			productReference = 67041D8C221718C100BD9C91 /* TransformersUITests.xctest */;
			productType = "com.apple.product-type.bundle.ui-testing";
		};
/* End PBXNativeTarget section */

/* Begin PBXProject section */
		67041D62221718C100BD9C91 /* Project object */ = {
			isa = PBXProject;
			attributes = {
				LastSwiftUpdateCheck = 1000;
				LastUpgradeCheck = 1000;
				ORGANIZATIONNAME = Deval;
				TargetAttributes = {
					67041D69221718C100BD9C91 = {
						CreatedOnToolsVersion = 10.0;
					};
					67041D80221718C100BD9C91 = {
						CreatedOnToolsVersion = 10.0;
						TestTargetID = 67041D69221718C100BD9C91;
					};
					67041D8B221718C100BD9C91 = {
						CreatedOnToolsVersion = 10.0;
						TestTargetID = 67041D69221718C100BD9C91;
					};
				};
			};
			buildConfigurationList = 67041D65221718C100BD9C91 /* Build configuration list for PBXProject "Transformers" */;
			compatibilityVersion = "Xcode 9.3";
			developmentRegion = en;
			hasScannedForEncodings = 0;
			knownRegions = (
				en,
				Base,
			);
			mainGroup = 67041D61221718C100BD9C91;
			productRefGroup = 67041D6B221718C100BD9C91 /* Products */;
			projectDirPath = "";
			projectRoot = "";
			targets = (
				67041D69221718C100BD9C91 /* Transformers */,
				67041D80221718C100BD9C91 /* TransformersTests */,
				67041D8B221718C100BD9C91 /* TransformersUITests */,
			);
		};
/* End PBXProject section */

/* Begin PBXResourcesBuildPhase section */
		67041D68221718C100BD9C91 /* Resources */ = {
			isa = PBXResourcesBuildPhase;
			buildActionMask = 2147483647;
			files = (
				67041D7B221718C100BD9C91 /* LaunchScreen.storyboard in Resources */,
				67041D78221718C100BD9C91 /* Assets.xcassets in Resources */,
				67041D73221718C100BD9C91 /* Main.storyboard in Resources */,
			);
			runOnlyForDeploymentPostprocessing = 0;
		};
		67041D7F221718C100BD9C91 /* Resources */ = {
			isa = PBXResourcesBuildPhase;
			buildActionMask = 2147483647;
			files = (
			);
			runOnlyForDeploymentPostprocessing = 0;
		};
		67041D8A221718C100BD9C91 /* Resources */ = {
			isa = PBXResourcesBuildPhase;
			buildActionMask = 2147483647;
			files = (
			);
			runOnlyForDeploymentPostprocessing = 0;
		};
/* End PBXResourcesBuildPhase section */

/* Begin PBXShellScriptBuildPhase section */
		8A1391575B335015879B2D37 /* [CP] Check Pods Manifest.lock */ = {
			isa = PBXShellScriptBuildPhase;
			buildActionMask = 2147483647;
			files = (
			);
			inputFileListPaths = (
			);
			inputPaths = (
				"${PODS_PODFILE_DIR_PATH}/Podfile.lock",
				"${PODS_ROOT}/Manifest.lock",
			);
			name = "[CP] Check Pods Manifest.lock";
			outputFileListPaths = (
			);
			outputPaths = (
				"$(DERIVED_FILE_DIR)/Pods-TransformersUITests-checkManifestLockResult.txt",
			);
			runOnlyForDeploymentPostprocessing = 0;
			shellPath = /bin/sh;
			shellScript = "diff \"${PODS_PODFILE_DIR_PATH}/Podfile.lock\" \"${PODS_ROOT}/Manifest.lock\" > /dev/null\nif [ $? != 0 ] ; then\n    # print error to STDERR\n    echo \"error: The sandbox is not in sync with the Podfile.lock. Run 'pod install' or update your CocoaPods installation.\" >&2\n    exit 1\nfi\n# This output is used by Xcode 'outputs' to avoid re-running this script phase.\necho \"SUCCESS\" > \"${SCRIPT_OUTPUT_FILE_0}\"\n";
			showEnvVarsInLog = 0;
		};
		C8EB8F1CF85C1B2B5F52B342 /* [CP] Check Pods Manifest.lock */ = {
			isa = PBXShellScriptBuildPhase;
			buildActionMask = 2147483647;
			files = (
			);
			inputFileListPaths = (
			);
			inputPaths = (
				"${PODS_PODFILE_DIR_PATH}/Podfile.lock",
				"${PODS_ROOT}/Manifest.lock",
			);
			name = "[CP] Check Pods Manifest.lock";
			outputFileListPaths = (
			);
			outputPaths = (
				"$(DERIVED_FILE_DIR)/Pods-Transformers-checkManifestLockResult.txt",
			);
			runOnlyForDeploymentPostprocessing = 0;
			shellPath = /bin/sh;
			shellScript = "diff \"${PODS_PODFILE_DIR_PATH}/Podfile.lock\" \"${PODS_ROOT}/Manifest.lock\" > /dev/null\nif [ $? != 0 ] ; then\n    # print error to STDERR\n    echo \"error: The sandbox is not in sync with the Podfile.lock. Run 'pod install' or update your CocoaPods installation.\" >&2\n    exit 1\nfi\n# This output is used by Xcode 'outputs' to avoid re-running this script phase.\necho \"SUCCESS\" > \"${SCRIPT_OUTPUT_FILE_0}\"\n";
			showEnvVarsInLog = 0;
		};
		F916E5087912DA2FB6A1DAB1 /* [CP] Check Pods Manifest.lock */ = {
			isa = PBXShellScriptBuildPhase;
			buildActionMask = 2147483647;
			files = (
			);
			inputFileListPaths = (
			);
			inputPaths = (
				"${PODS_PODFILE_DIR_PATH}/Podfile.lock",
				"${PODS_ROOT}/Manifest.lock",
			);
			name = "[CP] Check Pods Manifest.lock";
			outputFileListPaths = (
			);
			outputPaths = (
				"$(DERIVED_FILE_DIR)/Pods-TransformersTests-checkManifestLockResult.txt",
			);
			runOnlyForDeploymentPostprocessing = 0;
			shellPath = /bin/sh;
			shellScript = "diff \"${PODS_PODFILE_DIR_PATH}/Podfile.lock\" \"${PODS_ROOT}/Manifest.lock\" > /dev/null\nif [ $? != 0 ] ; then\n    # print error to STDERR\n    echo \"error: The sandbox is not in sync with the Podfile.lock. Run 'pod install' or update your CocoaPods installation.\" >&2\n    exit 1\nfi\n# This output is used by Xcode 'outputs' to avoid re-running this script phase.\necho \"SUCCESS\" > \"${SCRIPT_OUTPUT_FILE_0}\"\n";
			showEnvVarsInLog = 0;
		};
/* End PBXShellScriptBuildPhase section */

/* Begin PBXSourcesBuildPhase section */
		67041D66221718C100BD9C91 /* Sources */ = {
			isa = PBXSourcesBuildPhase;
			buildActionMask = 2147483647;
			files = (
				67041D70221718C100BD9C91 /* ViewController.swift in Sources */,
				673626FB221725A200E55B8D /* RightNavigationItem.swift in Sources */,
				67041D6E221718C100BD9C91 /* AppDelegate.swift in Sources */,
				673626B022171DBB00E55B8D /* AppDelegateExtension.swift in Sources */,
				673626F82217225600E55B8D /* Storyboard.swift in Sources */,
				673626B722171FD700E55B8D /* SharedInstances.swift in Sources */,
				673626FD2217277800E55B8D /* NavigationTitleView.swift in Sources */,
				673626B422171ECA00E55B8D /* NavigationViewController.swift in Sources */,
				67041D76221718C100BD9C91 /* Transformers.xcdatamodeld in Sources */,
			);
			runOnlyForDeploymentPostprocessing = 0;
		};
		67041D7D221718C100BD9C91 /* Sources */ = {
			isa = PBXSourcesBuildPhase;
			buildActionMask = 2147483647;
			files = (
				67041D86221718C100BD9C91 /* TransformersTests.swift in Sources */,
			);
			runOnlyForDeploymentPostprocessing = 0;
		};
		67041D88221718C100BD9C91 /* Sources */ = {
			isa = PBXSourcesBuildPhase;
			buildActionMask = 2147483647;
			files = (
				67041D91221718C100BD9C91 /* TransformersUITests.swift in Sources */,
			);
			runOnlyForDeploymentPostprocessing = 0;
		};
/* End PBXSourcesBuildPhase section */

/* Begin PBXTargetDependency section */
		67041D83221718C100BD9C91 /* PBXTargetDependency */ = {
			isa = PBXTargetDependency;
			target = 67041D69221718C100BD9C91 /* Transformers */;
			targetProxy = 67041D82221718C100BD9C91 /* PBXContainerItemProxy */;
		};
		67041D8E221718C100BD9C91 /* PBXTargetDependency */ = {
			isa = PBXTargetDependency;
			target = 67041D69221718C100BD9C91 /* Transformers */;
			targetProxy = 67041D8D221718C100BD9C91 /* PBXContainerItemProxy */;
		};
/* End PBXTargetDependency section */

/* Begin PBXVariantGroup section */
		67041D71221718C100BD9C91 /* Main.storyboard */ = {
			isa = PBXVariantGroup;
			children = (
				67041D72221718C100BD9C91 /* Base */,
			);
			name = Main.storyboard;
			sourceTree = "<group>";
		};
		67041D79221718C100BD9C91 /* LaunchScreen.storyboard */ = {
			isa = PBXVariantGroup;
			children = (
				67041D7A221718C100BD9C91 /* Base */,
			);
			name = LaunchScreen.storyboard;
			sourceTree = "<group>";
		};
/* End PBXVariantGroup section */

/* Begin XCBuildConfiguration section */
		67041D93221718C100BD9C91 /* Debug */ = {
			isa = XCBuildConfiguration;
			buildSettings = {
				ALWAYS_SEARCH_USER_PATHS = NO;
				CLANG_ANALYZER_NONNULL = YES;
				CLANG_ANALYZER_NUMBER_OBJECT_CONVERSION = YES_AGGRESSIVE;
				CLANG_CXX_LANGUAGE_STANDARD = "gnu++14";
				CLANG_CXX_LIBRARY = "libc++";
				CLANG_ENABLE_MODULES = YES;
				CLANG_ENABLE_OBJC_ARC = YES;
				CLANG_ENABLE_OBJC_WEAK = YES;
				CLANG_WARN_BLOCK_CAPTURE_AUTORELEASING = YES;
				CLANG_WARN_BOOL_CONVERSION = YES;
				CLANG_WARN_COMMA = YES;
				CLANG_WARN_CONSTANT_CONVERSION = YES;
				CLANG_WARN_DEPRECATED_OBJC_IMPLEMENTATIONS = YES;
				CLANG_WARN_DIRECT_OBJC_ISA_USAGE = YES_ERROR;
				CLANG_WARN_DOCUMENTATION_COMMENTS = YES;
				CLANG_WARN_EMPTY_BODY = YES;
				CLANG_WARN_ENUM_CONVERSION = YES;
				CLANG_WARN_INFINITE_RECURSION = YES;
				CLANG_WARN_INT_CONVERSION = YES;
				CLANG_WARN_NON_LITERAL_NULL_CONVERSION = YES;
				CLANG_WARN_OBJC_IMPLICIT_RETAIN_SELF = YES;
				CLANG_WARN_OBJC_LITERAL_CONVERSION = YES;
				CLANG_WARN_OBJC_ROOT_CLASS = YES_ERROR;
				CLANG_WARN_RANGE_LOOP_ANALYSIS = YES;
				CLANG_WARN_STRICT_PROTOTYPES = YES;
				CLANG_WARN_SUSPICIOUS_MOVE = YES;
				CLANG_WARN_UNGUARDED_AVAILABILITY = YES_AGGRESSIVE;
				CLANG_WARN_UNREACHABLE_CODE = YES;
				CLANG_WARN__DUPLICATE_METHOD_MATCH = YES;
				CODE_SIGN_IDENTITY = "iPhone Developer";
				COPY_PHASE_STRIP = NO;
				DEBUG_INFORMATION_FORMAT = dwarf;
				ENABLE_STRICT_OBJC_MSGSEND = YES;
				ENABLE_TESTABILITY = YES;
				GCC_C_LANGUAGE_STANDARD = gnu11;
				GCC_DYNAMIC_NO_PIC = NO;
				GCC_NO_COMMON_BLOCKS = YES;
				GCC_OPTIMIZATION_LEVEL = 0;
				GCC_PREPROCESSOR_DEFINITIONS = (
					"DEBUG=1",
					"$(inherited)",
				);
				GCC_WARN_64_TO_32_BIT_CONVERSION = YES;
				GCC_WARN_ABOUT_RETURN_TYPE = YES_ERROR;
				GCC_WARN_UNDECLARED_SELECTOR = YES;
				GCC_WARN_UNINITIALIZED_AUTOS = YES_AGGRESSIVE;
				GCC_WARN_UNUSED_FUNCTION = YES;
				GCC_WARN_UNUSED_VARIABLE = YES;
				IPHONEOS_DEPLOYMENT_TARGET = 10.0;
				MTL_ENABLE_DEBUG_INFO = INCLUDE_SOURCE;
				MTL_FAST_MATH = YES;
				ONLY_ACTIVE_ARCH = YES;
				SDKROOT = iphoneos;
				SWIFT_ACTIVE_COMPILATION_CONDITIONS = DEBUG;
				SWIFT_OPTIMIZATION_LEVEL = "-Onone";
			};
			name = Debug;
		};
		67041D94221718C100BD9C91 /* Release */ = {
			isa = XCBuildConfiguration;
			buildSettings = {
				ALWAYS_SEARCH_USER_PATHS = NO;
				CLANG_ANALYZER_NONNULL = YES;
				CLANG_ANALYZER_NUMBER_OBJECT_CONVERSION = YES_AGGRESSIVE;
				CLANG_CXX_LANGUAGE_STANDARD = "gnu++14";
				CLANG_CXX_LIBRARY = "libc++";
				CLANG_ENABLE_MODULES = YES;
				CLANG_ENABLE_OBJC_ARC = YES;
				CLANG_ENABLE_OBJC_WEAK = YES;
				CLANG_WARN_BLOCK_CAPTURE_AUTORELEASING = YES;
				CLANG_WARN_BOOL_CONVERSION = YES;
				CLANG_WARN_COMMA = YES;
				CLANG_WARN_CONSTANT_CONVERSION = YES;
				CLANG_WARN_DEPRECATED_OBJC_IMPLEMENTATIONS = YES;
				CLANG_WARN_DIRECT_OBJC_ISA_USAGE = YES_ERROR;
				CLANG_WARN_DOCUMENTATION_COMMENTS = YES;
				CLANG_WARN_EMPTY_BODY = YES;
				CLANG_WARN_ENUM_CONVERSION = YES;
				CLANG_WARN_INFINITE_RECURSION = YES;
				CLANG_WARN_INT_CONVERSION = YES;
				CLANG_WARN_NON_LITERAL_NULL_CONVERSION = YES;
				CLANG_WARN_OBJC_IMPLICIT_RETAIN_SELF = YES;
				CLANG_WARN_OBJC_LITERAL_CONVERSION = YES;
				CLANG_WARN_OBJC_ROOT_CLASS = YES_ERROR;
				CLANG_WARN_RANGE_LOOP_ANALYSIS = YES;
				CLANG_WARN_STRICT_PROTOTYPES = YES;
				CLANG_WARN_SUSPICIOUS_MOVE = YES;
				CLANG_WARN_UNGUARDED_AVAILABILITY = YES_AGGRESSIVE;
				CLANG_WARN_UNREACHABLE_CODE = YES;
				CLANG_WARN__DUPLICATE_METHOD_MATCH = YES;
				CODE_SIGN_IDENTITY = "iPhone Developer";
				COPY_PHASE_STRIP = NO;
				DEBUG_INFORMATION_FORMAT = "dwarf-with-dsym";
				ENABLE_NS_ASSERTIONS = NO;
				ENABLE_STRICT_OBJC_MSGSEND = YES;
				GCC_C_LANGUAGE_STANDARD = gnu11;
				GCC_NO_COMMON_BLOCKS = YES;
				GCC_WARN_64_TO_32_BIT_CONVERSION = YES;
				GCC_WARN_ABOUT_RETURN_TYPE = YES_ERROR;
				GCC_WARN_UNDECLARED_SELECTOR = YES;
				GCC_WARN_UNINITIALIZED_AUTOS = YES_AGGRESSIVE;
				GCC_WARN_UNUSED_FUNCTION = YES;
				GCC_WARN_UNUSED_VARIABLE = YES;
				IPHONEOS_DEPLOYMENT_TARGET = 10.0;
				MTL_ENABLE_DEBUG_INFO = NO;
				MTL_FAST_MATH = YES;
				SDKROOT = iphoneos;
				SWIFT_COMPILATION_MODE = wholemodule;
				SWIFT_OPTIMIZATION_LEVEL = "-O";
				VALIDATE_PRODUCT = YES;
			};
			name = Release;
		};
		67041D96221718C100BD9C91 /* Debug */ = {
			isa = XCBuildConfiguration;
			baseConfigurationReference = D1CEB5CAD0A6F8270C561235 /* Pods-Transformers.debug.xcconfig */;
			buildSettings = {
				ASSETCATALOG_COMPILER_APPICON_NAME = AppIcon;
				CODE_SIGN_STYLE = Automatic;
				INFOPLIST_FILE = Transformers/Info.plist;
				IPHONEOS_DEPLOYMENT_TARGET = 10.0;
				LD_RUNPATH_SEARCH_PATHS = (
					"$(inherited)",
					"@executable_path/Frameworks",
				);
				PRODUCT_BUNDLE_IDENTIFIER = com.deval.Transformers;
				PRODUCT_NAME = "$(TARGET_NAME)";
				SWIFT_VERSION = 4.2;
				TARGETED_DEVICE_FAMILY = "1,2";
			};
			name = Debug;
		};
		67041D97221718C100BD9C91 /* Release */ = {
			isa = XCBuildConfiguration;
			baseConfigurationReference = 9CEC778652FDD018406A3F18 /* Pods-Transformers.release.xcconfig */;
			buildSettings = {
				ASSETCATALOG_COMPILER_APPICON_NAME = AppIcon;
				CODE_SIGN_STYLE = Automatic;
				INFOPLIST_FILE = Transformers/Info.plist;
				IPHONEOS_DEPLOYMENT_TARGET = 10.0;
				LD_RUNPATH_SEARCH_PATHS = (
					"$(inherited)",
					"@executable_path/Frameworks",
				);
				PRODUCT_BUNDLE_IDENTIFIER = com.deval.Transformers;
				PRODUCT_NAME = "$(TARGET_NAME)";
				SWIFT_VERSION = 4.2;
				TARGETED_DEVICE_FAMILY = "1,2";
			};
			name = Release;
		};
		67041D99221718C100BD9C91 /* Debug */ = {
			isa = XCBuildConfiguration;
			baseConfigurationReference = 5A73CD0C76C8D331641D895E /* Pods-TransformersTests.debug.xcconfig */;
			buildSettings = {
				ALWAYS_EMBED_SWIFT_STANDARD_LIBRARIES = YES;
				BUNDLE_LOADER = "$(TEST_HOST)";
				CODE_SIGN_STYLE = Automatic;
				INFOPLIST_FILE = TransformersTests/Info.plist;
				LD_RUNPATH_SEARCH_PATHS = (
					"$(inherited)",
					"@executable_path/Frameworks",
					"@loader_path/Frameworks",
				);
				PRODUCT_BUNDLE_IDENTIFIER = com.deval.TransformersTests;
				PRODUCT_NAME = "$(TARGET_NAME)";
				SWIFT_VERSION = 4.2;
				TARGETED_DEVICE_FAMILY = "1,2";
				TEST_HOST = "$(BUILT_PRODUCTS_DIR)/Transformers.app/Transformers";
			};
			name = Debug;
		};
		67041D9A221718C100BD9C91 /* Release */ = {
			isa = XCBuildConfiguration;
			baseConfigurationReference = 1005419A8848B12689B30E2F /* Pods-TransformersTests.release.xcconfig */;
			buildSettings = {
				ALWAYS_EMBED_SWIFT_STANDARD_LIBRARIES = YES;
				BUNDLE_LOADER = "$(TEST_HOST)";
				CODE_SIGN_STYLE = Automatic;
				INFOPLIST_FILE = TransformersTests/Info.plist;
				LD_RUNPATH_SEARCH_PATHS = (
					"$(inherited)",
					"@executable_path/Frameworks",
					"@loader_path/Frameworks",
				);
				PRODUCT_BUNDLE_IDENTIFIER = com.deval.TransformersTests;
				PRODUCT_NAME = "$(TARGET_NAME)";
				SWIFT_VERSION = 4.2;
				TARGETED_DEVICE_FAMILY = "1,2";
				TEST_HOST = "$(BUILT_PRODUCTS_DIR)/Transformers.app/Transformers";
			};
			name = Release;
		};
		67041D9C221718C100BD9C91 /* Debug */ = {
			isa = XCBuildConfiguration;
			baseConfigurationReference = 814D78B3851195A73CA23241 /* Pods-TransformersUITests.debug.xcconfig */;
			buildSettings = {
				ALWAYS_EMBED_SWIFT_STANDARD_LIBRARIES = YES;
				CODE_SIGN_STYLE = Automatic;
				INFOPLIST_FILE = TransformersUITests/Info.plist;
				LD_RUNPATH_SEARCH_PATHS = (
					"$(inherited)",
					"@executable_path/Frameworks",
					"@loader_path/Frameworks",
				);
				PRODUCT_BUNDLE_IDENTIFIER = com.deval.TransformersUITests;
				PRODUCT_NAME = "$(TARGET_NAME)";
				SWIFT_VERSION = 4.2;
				TARGETED_DEVICE_FAMILY = "1,2";
				TEST_TARGET_NAME = Transformers;
			};
			name = Debug;
		};
		67041D9D221718C100BD9C91 /* Release */ = {
			isa = XCBuildConfiguration;
			baseConfigurationReference = 0CA0D2BB434CD77A22EF033C /* Pods-TransformersUITests.release.xcconfig */;
			buildSettings = {
				ALWAYS_EMBED_SWIFT_STANDARD_LIBRARIES = YES;
				CODE_SIGN_STYLE = Automatic;
				INFOPLIST_FILE = TransformersUITests/Info.plist;
				LD_RUNPATH_SEARCH_PATHS = (
					"$(inherited)",
					"@executable_path/Frameworks",
					"@loader_path/Frameworks",
				);
				PRODUCT_BUNDLE_IDENTIFIER = com.deval.TransformersUITests;
				PRODUCT_NAME = "$(TARGET_NAME)";
				SWIFT_VERSION = 4.2;
				TARGETED_DEVICE_FAMILY = "1,2";
				TEST_TARGET_NAME = Transformers;
			};
			name = Release;
		};
/* End XCBuildConfiguration section */

/* Begin XCConfigurationList section */
		67041D65221718C100BD9C91 /* Build configuration list for PBXProject "Transformers" */ = {
			isa = XCConfigurationList;
			buildConfigurations = (
				67041D93221718C100BD9C91 /* Debug */,
				67041D94221718C100BD9C91 /* Release */,
			);
			defaultConfigurationIsVisible = 0;
			defaultConfigurationName = Release;
		};
		67041D95221718C100BD9C91 /* Build configuration list for PBXNativeTarget "Transformers" */ = {
			isa = XCConfigurationList;
			buildConfigurations = (
				67041D96221718C100BD9C91 /* Debug */,
				67041D97221718C100BD9C91 /* Release */,
			);
			defaultConfigurationIsVisible = 0;
			defaultConfigurationName = Release;
		};
		67041D98221718C100BD9C91 /* Build configuration list for PBXNativeTarget "TransformersTests" */ = {
			isa = XCConfigurationList;
			buildConfigurations = (
				67041D99221718C100BD9C91 /* Debug */,
				67041D9A221718C100BD9C91 /* Release */,
			);
			defaultConfigurationIsVisible = 0;
			defaultConfigurationName = Release;
		};
		67041D9B221718C100BD9C91 /* Build configuration list for PBXNativeTarget "TransformersUITests" */ = {
			isa = XCConfigurationList;
			buildConfigurations = (
				67041D9C221718C100BD9C91 /* Debug */,
				67041D9D221718C100BD9C91 /* Release */,
			);
			defaultConfigurationIsVisible = 0;
			defaultConfigurationName = Release;
		};
/* End XCConfigurationList section */

/* Begin XCVersionGroup section */
		67041D74221718C100BD9C91 /* Transformers.xcdatamodeld */ = {
			isa = XCVersionGroup;
			children = (
				67041D75221718C100BD9C91 /* Transformers.xcdatamodel */,
			);
			currentVersion = 67041D75221718C100BD9C91 /* Transformers.xcdatamodel */;
			path = Transformers.xcdatamodeld;
			sourceTree = "<group>";
			versionGroupType = wrapper.xcdatamodel;
		};
/* End XCVersionGroup section */
	};
	rootObject = 67041D62221718C100BD9C91 /* Project object */;
}
